<?xml version="1.0" encoding="utf-8"?>
<Project ToolsVersion="4.0" xmlns="http://schemas.microsoft.com/developer/msbuild/2003">
  <ItemGroup>
    <Filter Include="Source Files">
      <UniqueIdentifier>{4FC737F1-C7A5-4376-A066-2A32D752A2FF}</UniqueIdentifier>
      <Extensions>cpp;c;cc;cxx;def;odl;idl;hpj;bat;asm;asmx</Extensions>
    </Filter>
    <Filter Include="Header Files">
      <UniqueIdentifier>{93995380-89BD-4b04-88EB-625FBE52EBFB}</UniqueIdentifier>
      <Extensions>h;hh;hpp;hxx;hm;inl;inc;xsd</Extensions>
    </Filter>
    <Filter Include="Resource Files">
      <UniqueIdentifier>{67DA6AB6-F800-4c08-8B7A-83BB121AAD01}</UniqueIdentifier>
      <Extensions>rc;ico;cur;bmp;dlg;rc2;rct;bin;rgs;gif;jpg;jpeg;jpe;resx;tiff;tif;png;wav;mfcribbon-ms</Extensions>
    </Filter>
  </ItemGroup>
  <ItemGroup>
    <ClInclude Include="..\leopard.h">
      <Filter>Header Files</Filter>
    </ClInclude>
    <ClInclude Include="..\leopard2.h">
      <Filter>Header Files</Filter>
    </ClInclude>
    <ClInclude Include="..\Leopard2Backend.h">
      <Filter>Header Files</Filter>
    </ClInclude>
    <ClInclude Include="..\Leopard2Direct.h">
      <Filter>Header Files</Filter>
    </ClInclude>
    <ClInclude Include="..\Leopard2Dispatch.h">
      <Filter>Header Files</Filter>
    </ClInclude>
    <ClInclude Include="..\Leopard2Plan.h">
      <Filter>Header Files</Filter>
    </ClInclude>
    <ClInclude Include="..\LeopardCommon.h">
      <Filter>Header Files</Filter>
    </ClInclude>
    <ClInclude Include="..\LeopardFF8.h">
      <Filter>Header Files</Filter>
    </ClInclude>
    <ClInclude Include="..\LeopardFF16.h">
      <Filter>Header Files</Filter>
    </ClInclude>
    <ClInclude Include="..\sse2neon\sse2neon.h">
      <Filter>Header Files</Filter>
    </ClInclude>
  </ItemGroup>
  <ItemGroup>
    <ClCompile Include="..\leopard.cpp">
      <Filter>Source Files</Filter>
    </ClCompile>
    <ClCompile Include="..\leopard2.cpp">
      <Filter>Source Files</Filter>
    </ClCompile>
    <ClCompile Include="..\Leopard2Backend.cpp">
      <Filter>Source Files</Filter>
    </ClCompile>
    <ClCompile Include="..\Leopard2BackendScalar.cpp">
      <Filter>Source Files</Filter>
    </ClCompile>
    <ClCompile Include="..\Leopard2CpuFeatures.cpp">
      <Filter>Source Files</Filter>
    </ClCompile>
    <ClCompile Include="..\Leopard2Plan.cpp">
      <Filter>Source Files</Filter>
    </ClCompile>
    <ClCompile Include="..\Leopard2BackendSSSE3.cpp">
      <Filter>Source Files</Filter>
    </ClCompile>
    <ClCompile Include="..\Leopard2BackendAVX2.cpp">
      <Filter>Source Files</Filter>
    </ClCompile>
    <ClCompile Include="..\Leopard2BackendAVX2Xor.cpp">
      <Filter>Source Files</Filter>
    </ClCompile>
    <ClCompile Include="..\Leopard2BackendAVX2T2K4.cpp">
      <Filter>Source Files</Filter>
    </ClCompile>
    <ClCompile Include="..\Leopard2BackendAVX2T8K8B1024.cpp">
      <Filter>Source Files</Filter>
    </ClCompile>
    <ClCompile Include="..\Leopard2BackendAVX2T16B64.cpp">
      <Filter>Source Files</Filter>
    </ClCompile>
    <ClCompile Include="..\Leopard2BackendAVX2T16Q2.cpp">
      <Filter>Source Files</Filter>
    </ClCompile>
    <ClCompile Include="..\Leopard2BackendAVX2T8K62.cpp">
      <Filter>Source Files</Filter>
    </ClCompile>
    <ClCompile Include="..\Leopard2BackendAVX2T32B256.cpp">
      <Filter>Source Files</Filter>
    </ClCompile>
    <ClCompile Include="..\Leopard2LowP32B64AVX2.cpp">
      <Filter>Source Files</Filter>
    </ClCompile>
    <ClCompile Include="..\LeopardCommon.cpp">
      <Filter>Source Files</Filter>
    </ClCompile>
    <ClCompile Include="..\LeopardFF8.cpp">
      <Filter>Source Files</Filter>
    </ClCompile>
    <ClCompile Include="..\LeopardFF16.cpp">
      <Filter>Source Files</Filter>
    </ClCompile>
  </ItemGroup>
</Project>
